
Microsoft Visual Studio Solution File, Format Version 12.00
# Visual Studio 15
VisualStudioVersion = 15.0.26608.5
MinimumVisualStudioVersion = 10.0.40219.1
Project("{9A19103F-16F7-4668-BE54-9A1E7A4F7556}") = "PlatformStatusTracker.Web", "PlatformStatusTracker.Web\PlatformStatusTracker.Web.csproj", "{2545AB2A-E6C6-4FD0-8C7B-08A66CB2310E}"
EndProject
Project("{9A19103F-16F7-4668-BE54-9A1E7A4F7556}") = "PlatformStatusTracker.Core", "PlatformStatusTracker.Core\PlatformStatusTracker.Core.csproj", "{77D7CA19-F55B-4CF0-B2B1-C4322427BE72}"
EndProject
Global
	GlobalSection(SolutionConfigurationPlatforms) = preSolution
		Debug|Any CPU = Debug|Any CPU
		Release|Any CPU = Release|Any CPU
	EndGlobalSection
	GlobalSection(ProjectConfigurationPlatforms) = postSolution
		{2545AB2A-E6C6-4FD0-8C7B-08A66CB2310E}.Debug|Any CPU.ActiveCfg = Debug|Any CPU
		{2545AB2A-E6C6-4FD0-8C7B-08A66CB2310E}.Debug|Any CPU.Build.0 = Debug|Any CPU
		{2545AB2A-E6C6-4FD0-8C7B-08A66CB2310E}.Release|Any CPU.ActiveCfg = Release|Any CPU
		{2545AB2A-E6C6-4FD0-8C7B-08A66CB2310E}.Release|Any CPU.Build.0 = Release|Any CPU
		{77D7CA19-F55B-4CF0-B2B1-C4322427BE72}.Debug|Any CPU.ActiveCfg = Debug|Any CPU
		{77D7CA19-F55B-4CF0-B2B1-C4322427BE72}.Debug|Any CPU.Build.0 = Debug|Any CPU
		{77D7CA19-F55B-4CF0-B2B1-C4322427BE72}.Release|Any CPU.ActiveCfg = Release|Any CPU
		{77D7CA19-F55B-4CF0-B2B1-C4322427BE72}.Release|Any CPU.Build.0 = Release|Any CPU
	EndGlobalSection
	GlobalSection(SolutionProperties) = preSolution
		HideSolutionNode = FALSE
	EndGlobalSection
EndGlobal
