
Microsoft Visual Studio Solution File, Format Version 12.00
# Visual Studio 2013
VisualStudioVersion = 12.0.30501.0
MinimumVisualStudioVersion = 10.0.40219.1
Project("{FAE04EC0-301F-11D3-BF4B-00C04F79EFBC}") = "PlatformStatusTracker.Web", "PlatformStatusTracker.Web\PlatformStatusTracker.Web.csproj", "{9063C609-D322-48ED-BFE6-054DCCB14B3E}"
EndProject
Project("{FAE04EC0-301F-11D3-BF4B-00C04F79EFBC}") = "PlatformStatusTracker.Core", "PlatformStatusTracker.Core\PlatformStatusTracker.Core.csproj", "{3E3DD8AB-8269-466E-A68A-4C6E9FDB94A7}"
EndProject
Project("{FAE04EC0-301F-11D3-BF4B-00C04F79EFBC}") = "PlatformStatusTracker.Test", "PlatformStatusTracker.Test\PlatformStatusTracker.Test.csproj", "{5A303727-6933-476E-A68D-423BD24EB99A}"
EndProject
Global
	GlobalSection(SolutionConfigurationPlatforms) = preSolution
		Debug|Any CPU = Debug|Any CPU
		Release|Any CPU = Release|Any CPU
	EndGlobalSection
	GlobalSection(ProjectConfigurationPlatforms) = postSolution
		{9063C609-D322-48ED-BFE6-054DCCB14B3E}.Debug|Any CPU.ActiveCfg = Debug|Any CPU
		{9063C609-D322-48ED-BFE6-054DCCB14B3E}.Debug|Any CPU.Build.0 = Debug|Any CPU
		{9063C609-D322-48ED-BFE6-054DCCB14B3E}.Release|Any CPU.ActiveCfg = Release|Any CPU
		{9063C609-D322-48ED-BFE6-054DCCB14B3E}.Release|Any CPU.Build.0 = Release|Any CPU
		{3E3DD8AB-8269-466E-A68A-4C6E9FDB94A7}.Debug|Any CPU.ActiveCfg = Debug|Any CPU
		{3E3DD8AB-8269-466E-A68A-4C6E9FDB94A7}.Debug|Any CPU.Build.0 = Debug|Any CPU
		{3E3DD8AB-8269-466E-A68A-4C6E9FDB94A7}.Release|Any CPU.ActiveCfg = Release|Any CPU
		{3E3DD8AB-8269-466E-A68A-4C6E9FDB94A7}.Release|Any CPU.Build.0 = Release|Any CPU
		{5A303727-6933-476E-A68D-423BD24EB99A}.Debug|Any CPU.ActiveCfg = Debug|Any CPU
		{5A303727-6933-476E-A68D-423BD24EB99A}.Debug|Any CPU.Build.0 = Debug|Any CPU
		{5A303727-6933-476E-A68D-423BD24EB99A}.Release|Any CPU.ActiveCfg = Release|Any CPU
		{5A303727-6933-476E-A68D-423BD24EB99A}.Release|Any CPU.Build.0 = Release|Any CPU
	EndGlobalSection
	GlobalSection(SolutionProperties) = preSolution
		HideSolutionNode = FALSE
	EndGlobalSection
EndGlobal
